# This file is generated by running "yarn install" inside your project.
# Manual changes might be lost - proceed with caution!

__metadata:
  version: 7
  cacheKey: 9

"@actions/core@npm:^1.10.0":
  version: 1.10.0
  resolution: "@actions/core@npm:1.10.0"
  dependencies:
    "@actions/http-client": "npm:^2.0.1"
    uuid: "npm:^8.3.2"
  checksum: 61bceec8b8f233da0b678f011e2ce6f1e46de7493d0c9eafbcbff45c46451fb714bd84be9bcc71b0813eab4bca5bc41063ba787eefccea3ed59c1c69e9841f7a
  languageName: node
  linkType: hard

"@actions/github@npm:^5.1.0":
  version: 5.1.1
  resolution: "@actions/github@npm:5.1.1"
  dependencies:
    "@actions/http-client": "npm:^2.0.1"
    "@octokit/core": "npm:^3.6.0"
    "@octokit/plugin-paginate-rest": "npm:^2.17.0"
    "@octokit/plugin-rest-endpoint-methods": "npm:^5.13.0"
  checksum: 4f67ec3980bb7b78e3d78418ea9e6f4c763f4381727c54049a1c34d2fb650b7019bde2bf9cdd128a19958c2e85feee9849bed44c136ad067e9680036d19c47a7
  languageName: node
  linkType: hard

"@actions/http-client@npm:^2.0.1":
  version: 2.0.1
  resolution: "@actions/http-client@npm:2.0.1"
  dependencies:
    tunnel: "npm:^0.0.6"
  checksum: 855409b15276e888e656d9970f3662c11c0db95b5e018dbdc1be24f33144f8536b87d22ce6ec2c2d099442d27cee3b1c9d38f9d1366abe48607062beb2d2f168
  languageName: node
  linkType: hard

"@octokit/auth-token@npm:^2.4.4":
  version: 2.4.5
  resolution: "@octokit/auth-token@npm:2.4.5"
  dependencies:
    "@octokit/types": "npm:^6.0.3"
  checksum: 0c2c4b22fb636de7a58095ee9233c0c781b771c834cb16d30b7aae9ecc40875fd6850b840010a130f0ac46ec6158ca83f8bd83d5544192a65650856749b8bf8f
  languageName: node
  linkType: hard

"@octokit/core@npm:^3.6.0":
  version: 3.6.0
  resolution: "@octokit/core@npm:3.6.0"
  dependencies:
    "@octokit/auth-token": "npm:^2.4.4"
    "@octokit/graphql": "npm:^4.5.8"
    "@octokit/request": "npm:^5.6.3"
    "@octokit/request-error": "npm:^2.0.5"
    "@octokit/types": "npm:^6.0.3"
    before-after-hook: "npm:^2.2.0"
    universal-user-agent: "npm:^6.0.0"
  checksum: 91ba1df7a57208ba0fc25fcbab6bce2cc7a144282edfd34c504fe6594fc73eee0a81bc06c3c993301b2db9835fdfb6ed13913312fe11b10d80d17634f6cf4570
  languageName: node
  linkType: hard

"@octokit/endpoint@npm:^6.0.1":
  version: 6.0.11
  resolution: "@octokit/endpoint@npm:6.0.11"
  dependencies:
    "@octokit/types": "npm:^6.0.3"
    is-plain-object: "npm:^5.0.0"
    universal-user-agent: "npm:^6.0.0"
  checksum: 3d3fe4c9fa07f7a40c8eeda3eb278794984f1d93f0e44c2e13950aaf7847460c3278af22672c0342d5f72ab3b45bedc2201ef2efa0db0c529df7f20053dbd66f
  languageName: node
  linkType: hard

"@octokit/graphql@npm:^4.5.8":
  version: 4.6.2
  resolution: "@octokit/graphql@npm:4.6.2"
  dependencies:
    "@octokit/request": "npm:^5.3.0"
    "@octokit/types": "npm:^6.0.3"
    universal-user-agent: "npm:^6.0.0"
  checksum: d3d167a876d7245757e4012208de0d8dc68f2499c870d3a297a00a81052253b9af083ad14fbd0a7e2c9a00be2a3763923c630fe68f410f55a470a4d437c2c8d9
  languageName: node
  linkType: hard

"@octokit/openapi-types@npm:^12.11.0":
  version: 12.11.0
  resolution: "@octokit/openapi-types@npm:12.11.0"
  checksum: cec1e031fc1764afd7dd5e7211bd1fb430d9ed4e1409ee5955a375921ce757705bb711797536a77f732ea12e8ee9a1324c7012dbac54c8bc63b25ebc063f501b
  languageName: node
  linkType: hard

"@octokit/openapi-types@npm:^7.2.3":
  version: 7.3.0
  resolution: "@octokit/openapi-types@npm:7.3.0"
  checksum: 38a475e22b730511ab9e8a2304c3d04778f58ce33b45ad10d374a7af1c38a36edc221f815003a01704d6716f5ab0f433e760b5442ec4979cc9dab82e59f44e45
  languageName: node
  linkType: hard

"@octokit/plugin-paginate-rest@npm:^2.17.0":
  version: 2.21.3
  resolution: "@octokit/plugin-paginate-rest@npm:2.21.3"
  dependencies:
    "@octokit/types": "npm:^6.40.0"
  peerDependencies:
    "@octokit/core": ">=2"
  checksum: c179e154f078d072c44468536ba8c20b190601d109d8192a43af3afebe808943ecb0bf15bc253251b7220bad5a6e70c1b9c86d7310dbd9369b6bca2e547e66cc
  languageName: node
  linkType: hard

"@octokit/plugin-rest-endpoint-methods@npm:^5.13.0":
  version: 5.16.2
  resolution: "@octokit/plugin-rest-endpoint-methods@npm:5.16.2"
  dependencies:
    "@octokit/types": "npm:^6.39.0"
    deprecation: "npm:^2.3.1"
  peerDependencies:
    "@octokit/core": ">=3"
  checksum: d0dd41cf0d63978fe78cf20c838e17c08dc6e17f0135f84824a14906c98ba040f275c0fc55486673a96c29465d8b8d08b6e7cb6c370fb419f24848e6605a09b3
  languageName: node
  linkType: hard

"@octokit/request-error@npm:^2.0.0, @octokit/request-error@npm:^2.0.5":
  version: 2.0.5
  resolution: "@octokit/request-error@npm:2.0.5"
  dependencies:
    "@octokit/types": "npm:^6.0.3"
    deprecation: "npm:^2.0.0"
    once: "npm:^1.4.0"
  checksum: 887d81fdf72fb37f6fa2dc1083469278eaa1fb1e3fd00eef8b37b669c03b8d85167f1ea2e2c9e28c705e7da883c8706674e1f2c61dfbf87035554dd9589494cf
  languageName: node
  linkType: hard

"@octokit/request-error@npm:^2.1.0":
  version: 2.1.0
  resolution: "@octokit/request-error@npm:2.1.0"
  dependencies:
    "@octokit/types": "npm:^6.0.3"
    deprecation: "npm:^2.0.0"
    once: "npm:^1.4.0"
  checksum: 47264d6e03aff8e5c6773c7ba3151f0765dd852b0479582d07e4acf2ec7761b3de49f8ca2fef3b9c68b44d64d197b4d0c080840969ab2a00eaade38fbb5616d4
  languageName: node
  linkType: hard

"@octokit/request@npm:^5.3.0":
  version: 5.5.0
  resolution: "@octokit/request@npm:5.5.0"
  dependencies:
    "@octokit/endpoint": "npm:^6.0.1"
    "@octokit/request-error": "npm:^2.0.0"
    "@octokit/types": "npm:^6.16.1"
    is-plain-object: "npm:^5.0.0"
    node-fetch: "npm:^2.6.1"
    universal-user-agent: "npm:^6.0.0"
  checksum: 9168fbdef0871cd2c1ebbe5c255609979446d9b6391be1f992fa5d01766c63a7dda00933085d7a53d0b5e5819de191a9dfb5361d441138fa13e7b4654c2c74b9
  languageName: node
  linkType: hard

"@octokit/request@npm:^5.6.3":
  version: 5.6.3
  resolution: "@octokit/request@npm:5.6.3"
  dependencies:
    "@octokit/endpoint": "npm:^6.0.1"
    "@octokit/request-error": "npm:^2.1.0"
    "@octokit/types": "npm:^6.16.1"
    is-plain-object: "npm:^5.0.0"
    node-fetch: "npm:^2.6.7"
    universal-user-agent: "npm:^6.0.0"
  checksum: 05c73ff2386cefee5359cba80eb12c55936260629de8da5c7359d2fe2928a5bfc198f69c54bc705e53814471c66712a6ae33dbb6d5069deb2f5d31757e85f8cf
  languageName: node
  linkType: hard

"@octokit/types@npm:^6.0.3, @octokit/types@npm:^6.16.1":
  version: 6.16.2
  resolution: "@octokit/types@npm:6.16.2"
  dependencies:
    "@octokit/openapi-types": "npm:^7.2.3"
  checksum: 1063ba95ec3daa9c92fcb3258a7fb56014cfdc24ecca65e658e208d53c85cbf9d9f49a6353d1d27dbab84f174a09b41dafd93e8d84033f71ac6783cb0ee8dfed
  languageName: node
  linkType: hard

"@octokit/types@npm:^6.39.0, @octokit/types@npm:^6.40.0":
  version: 6.41.0
  resolution: "@octokit/types@npm:6.41.0"
  dependencies:
    "@octokit/openapi-types": "npm:^12.11.0"
  checksum: 05c2d20e08578dbd5978e640a55282cbbb8ed0cbdc6ea3707b20572bac4e32a2ca70f9d5c4589fc6d87dd3fee677039a8fab51f1ecce626e519a4b520e2ce9e4
  languageName: node
  linkType: hard

"@slack/types@npm:^1.2.1":
  version: 1.10.0
  resolution: "@slack/types@npm:1.10.0"
  checksum: 0429d0f0a963f5319eadf5f558dc08774d132d540a0f9f367af935714cc8ff2c8082ccd81a959538d78b78f1074ed48d5a439a17a152ee33c67786bbf3453684
  languageName: node
  linkType: hard

"@slack/webhook@npm:^6.0.0":
  version: 6.0.0
  resolution: "@slack/webhook@npm:6.0.0"
  dependencies:
    "@slack/types": "npm:^1.2.1"
    "@types/node": "npm:>=12.0.0"
    axios: "npm:^0.21.1"
  checksum: 42cae5829ad8d7319edb1c991008be2cff73cc80ec4a781167f7709751cc97c18dcebb5f229b62c1c8862d8644d5b7c78154edf39a7bb23ace7546c65e2e1471
  languageName: node
  linkType: hard

"@types/node@npm:>=12.0.0":
  version: 15.12.2
  resolution: "@types/node@npm:15.12.2"
  checksum: 96ffde3987ce11a2fe46247bbff326741088f3eb8388fad1bfed7164336083daffcbb10de0067407f48dc9362603079701b12d5081c27476233cdaca1c50f36f
  languageName: node
  linkType: hard

"axios@npm:^0.21.1":
  version: 0.21.1
  resolution: "axios@npm:0.21.1"
  dependencies:
    follow-redirects: "npm:^1.10.0"
  checksum: 0bb3259ee9203da0c6a2780aa310c7f557b4fe80d09c975d536745519efe8c062b18ae942c7b89469226e4a5a2192ae4b0d33dcc4bcab5fc59486306ad59003f
  languageName: node
  linkType: hard

"before-after-hook@npm:^2.2.0":
  version: 2.2.2
  resolution: "before-after-hook@npm:2.2.2"
  checksum: ed37dd1bc4409c98af31033b3a4ce30ec53ddb146b9571096df59a4e7a7af327af54935fc69d169ebee907283233b326ce007c12089b19a04c2f602fa128d84c
  languageName: node
  linkType: hard

"deprecation@npm:^2.0.0, deprecation@npm:^2.3.1":
  version: 2.3.1
  resolution: "deprecation@npm:2.3.1"
  checksum: 4bea60628946a5525bfc9c550e9e2ce34e389128938618f0929b6bed856032a70f82e03231044ce14f7f974d65dddb31bbf0252dd70878d13fe7d83969bcc326
  languageName: node
  linkType: hard

"follow-redirects@npm:^1.10.0":
  version: 1.14.1
  resolution: "follow-redirects@npm:1.14.1"
  peerDependenciesMeta:
    debug:
      optional: true
  checksum: 93a09c5f3d1b1f4c1b49ff90db402d2ad01b260e281f6e429553318f530cd4dac4a5eee5a51afe990e6d5acbbbe075fc69eca9350295703f17b19ee5980047e6
  languageName: node
  linkType: hard

"is-plain-object@npm:^5.0.0":
  version: 5.0.0
  resolution: "is-plain-object@npm:5.0.0"
  checksum: fd152d0cadce30fc41b1294e5e63a6bc696a82102828d77e63cf9eb01510c011c9c2ca432babb372356ac24ec164427ecf0c9633a4ea044b4de18d92be013700
  languageName: node
  linkType: hard

"node-fetch@npm:^2.6.1":
  version: 2.6.1
  resolution: "node-fetch@npm:2.6.1"
  checksum: 8d0fa445e33451857eeca914706092bc3594e38feb8297c55563b2d311f6510b485fac223849d50f087856d31cf1dd83157df0296706f4c46213dc1d36277afd
  languageName: node
  linkType: hard

"node-fetch@npm:^2.6.7":
  version: 2.6.9
  resolution: "node-fetch@npm:2.6.9"
  dependencies:
    whatwg-url: "npm:^5.0.0"
  peerDependencies:
    encoding: ^0.1.0
  peerDependenciesMeta:
    encoding:
      optional: true
  checksum: 8457cf62f599e9d55b01d58f87ed2110c65f83c4fcce8be0e350909995384e96a55e2b810d0e1a67a1fbe7f9930cd0998146d2dcce4843f9ed3ac0b479bd5c64
  languageName: node
  linkType: hard

"once@npm:^1.4.0":
  version: 1.4.0
  resolution: "once@npm:1.4.0"
  dependencies:
    wrappy: "npm:1"
  checksum: 12d5c6ece331855387577e71c96ab5b60269390b131cf9403494206274fa520221c88f8b8d431d7227d080127730460da8907c402ab4142e592c34aacb5c9817
  languageName: node
  linkType: hard

"slack-message-release-action@workspace:.":
  version: 0.0.0-use.local
  resolution: "slack-message-release-action@workspace:."
  dependencies:
    "@actions/core": "npm:^1.10.0"
    "@actions/github": "npm:^5.1.0"
    "@slack/webhook": "npm:^6.0.0"
  languageName: unknown
  linkType: soft

"tr46@npm:~0.0.3":
  version: 0.0.3
  resolution: "tr46@npm:0.0.3"
  checksum: c670667f2df1c0983b48ee7e81d6013ab304f73573e9e4292233821b2219504307bedffc303c32df30813a9138114b8b084c81dea94fb68f08aca7770af98578
  languageName: node
  linkType: hard

"tunnel@npm:^0.0.6":
  version: 0.0.6
  resolution: "tunnel@npm:0.0.6"
  checksum: 4b6009e1ed9c1857d58462867cd731f4af255c0406fc982dd0a17735c5c991293bc57a8c0957c5f51dfc3778baa280e399d3e05f1ca4aaf7442349c529b7c89d
  languageName: node
  linkType: hard

"universal-user-agent@npm:^6.0.0":
  version: 6.0.0
  resolution: "universal-user-agent@npm:6.0.0"
  checksum: c014b4d3bcedd8b5ffda7d3b730bec6dcf616963be696a20bac0f8d9c9307d494a07e186ef102a20cd038d7f76190faa3ad0256d11b7b26d12a080926cc871e6
  languageName: node
  linkType: hard

"uuid@npm:^8.3.2":
  version: 8.3.2
  resolution: "uuid@npm:8.3.2"
  bin:
    uuid: dist/bin/uuid
  checksum: 236a12282c6fa32f326aa1b6d5699a843572e9ab7de84a1507a6b7c315fdcf55bf6ed333fd37d35c5c656f4cb96af998844e1c8cae281c442a1ec3b66df62962
  languageName: node
  linkType: hard

"webidl-conversions@npm:^3.0.0":
  version: 3.0.1
  resolution: "webidl-conversions@npm:3.0.1"
  checksum: 57c8c5fdd986be5432ea6adacd87d6757144289d3b48b33441e7310bd4f4f6d782dd34acbd74d61e923c142cc50333d27ba58235692fa7248541c0bcce2563e1
  languageName: node
  linkType: hard

"whatwg-url@npm:^5.0.0":
  version: 5.0.0
  resolution: "whatwg-url@npm:5.0.0"
  dependencies:
    tr46: "npm:~0.0.3"
    webidl-conversions: "npm:^3.0.0"
  checksum: bd0cc6b75b84b3d032e30712e2f40eefbc07ecd14f093e87b2f81bb68bce10a3961e8eb646a7a8cc9c2352548fb501eeff668c8b2595fd7c6ea91d1406ce11ee
  languageName: node
  linkType: hard

"wrappy@npm:1":
  version: 1.0.2
  resolution: "wrappy@npm:1.0.2"
  checksum: 37d243a577dfeee20586eae1e3208dfb4e4cea1211a2a4116a19b50d91e619ff3dbc5ec934e28ca9baaa11a65df826c8d65c5fd1bb81f0ce0dadb469d47061c2
  languageName: node
  linkType: hard
